// !$*UTF8*$!
{
	archiveVersion = 1;
	classes = {
	};
	objectVersion = 56;
	objects = {

/* Begin PBXBuildFile section */
		58B14B652A25ABAB00451325 /* MiDaSHandler.swift in Sources */ = {isa = PBXBuildFile; fileRef = 58B14B5F2A25ABAB00451325 /* MiDaSHandler.swift */; };
		58B14B662A25ABAB00451325 /* model_opt.tflite in Resources */ = {isa = PBXBuildFile; fileRef = 58B14B602A25ABAB00451325 /* model_opt.tflite */; };
		58B14B672A25ABAB00451325 /* demoappApp.swift in Sources */ = {isa = PBXBuildFile; fileRef = 58B14B612A25ABAB00451325 /* demoappApp.swift */; };
		58B14B682A25ABAB00451325 /* Constants.swift in Sources */ = {isa = PBXBuildFile; fileRef = 58B14B622A25ABAB00451325 /* Constants.swift */; };
		58B14B692A25ABAB00451325 /* example.png in Resources */ = {isa = PBXBuildFile; fileRef = 58B14B632A25ABAB00451325 /* example.png */; };
		58B14B7D2A25B03100451325 /* CGSizeExtension.swift in Sources */ = {isa = PBXBuildFile; fileRef = 58B14B7A2A25B03100451325 /* CGSizeExtension.swift */; };
		58B14B7E2A25B03100451325 /* CVPixelBufferExtension.swift in Sources */ = {isa = PBXBuildFile; fileRef = 58B14B7B2A25B03100451325 /* CVPixelBufferExtension.swift */; };
		58B14B7F2A25B03100451325 /* TFLiteExtension.swift in Sources */ = {isa = PBXBuildFile; fileRef = 58B14B7C2A25B03100451325 /* TFLiteExtension.swift */; };
		854C374B2A06739C00B2DAEB /* CameraView.swift in Sources */ = {isa = PBXBuildFile; fileRef = 854C374A2A06739C00B2DAEB /* CameraView.swift */; };
		854C374D2A0673CB00B2DAEB /* GalleryView.swift in Sources */ = {isa = PBXBuildFile; fileRef = 854C374C2A0673CB00B2DAEB /* GalleryView.swift */; };
		85C0D2482A06685B009E8F66 /* ContentView.swift in Sources */ = {isa = PBXBuildFile; fileRef = 85C0D2472A06685B009E8F66 /* ContentView.swift */; };
		85C0D24A2A06685D009E8F66 /* Assets.xcassets in Resources */ = {isa = PBXBuildFile; fileRef = 85C0D2492A06685D009E8F66 /* Assets.xcassets */; };
		85C0D24D2A06685D009E8F66 /* Preview Assets.xcassets in Resources */ = {isa = PBXBuildFile; fileRef = 85C0D24C2A06685D009E8F66 /* Preview Assets.xcassets */; };
		E2158FB2CA3F0BED2210E036 /* Pods_demoapp.framework in Frameworks */ = {isa = PBXBuildFile; fileRef = BF50AED8DE9BE3A150A5FE34 /* Pods_demoapp.framework */; };
/* End PBXBuildFile section */

/* Begin PBXFileReference section */
		5081535658014AD5CA96BA1C /* Pods-demoapp.release.xcconfig */ = {isa = PBXFileReference; includeInIndex = 1; lastKnownFileType = text.xcconfig; name = "Pods-demoapp.release.xcconfig"; path = "Target Support Files/Pods-demoapp/Pods-demoapp.release.xcconfig"; sourceTree = "<group>"; };
		58B14B5F2A25ABAB00451325 /* MiDaSHandler.swift */ = {isa = PBXFileReference; fileEncoding = 4; lastKnownFileType = sourcecode.swift; path = MiDaSHandler.swift; sourceTree = "<group>"; };
		58B14B602A25ABAB00451325 /* model_opt.tflite */ = {isa = PBXFileReference; lastKnownFileType = file; path = model_opt.tflite; sourceTree = "<group>"; };
		58B14B612A25ABAB00451325 /* demoappApp.swift */ = {isa = PBXFileReference; fileEncoding = 4; lastKnownFileType = sourcecode.swift; path = demoappApp.swift; sourceTree = "<group>"; };
		58B14B622A25ABAB00451325 /* Constants.swift */ = {isa = PBXFileReference; fileEncoding = 4; lastKnownFileType = sourcecode.swift; path = Constants.swift; sourceTree = "<group>"; };
		58B14B632A25ABAB00451325 /* example.png */ = {isa = PBXFileReference; lastKnownFileType = image.png; path = example.png; sourceTree = "<group>"; };
		58B14B7A2A25B03100451325 /* CGSizeExtension.swift */ = {isa = PBXFileReference; fileEncoding = 4; lastKnownFileType = sourcecode.swift; path = CGSizeExtension.swift; sourceTree = "<group>"; };
		58B14B7B2A25B03100451325 /* CVPixelBufferExtension.swift */ = {isa = PBXFileReference; fileEncoding = 4; lastKnownFileType = sourcecode.swift; path = CVPixelBufferExtension.swift; sourceTree = "<group>"; };
		58B14B7C2A25B03100451325 /* TFLiteExtension.swift */ = {isa = PBXFileReference; fileEncoding = 4; lastKnownFileType = sourcecode.swift; path = TFLiteExtension.swift; sourceTree = "<group>"; };
		851125B82A2247320012966B /* Info.plist */ = {isa = PBXFileReference; lastKnownFileType = text.plist; path = Info.plist; sourceTree = "<group>"; };
		854C374A2A06739C00B2DAEB /* CameraView.swift */ = {isa = PBXFileReference; lastKnownFileType = sourcecode.swift; path = CameraView.swift; sourceTree = "<group>"; };
		854C374C2A0673CB00B2DAEB /* GalleryView.swift */ = {isa = PBXFileReference; lastKnownFileType = sourcecode.swift; path = GalleryView.swift; sourceTree = "<group>"; };
		85C0D2422A06685B009E8F66 /* demoapp.app */ = {isa = PBXFileReference; explicitFileType = wrapper.application; includeInIndex = 0; path = demoapp.app; sourceTree = BUILT_PRODUCTS_DIR; };
		85C0D2472A06685B009E8F66 /* ContentView.swift */ = {isa = PBXFileReference; lastKnownFileType = sourcecode.swift; path = ContentView.swift; sourceTree = "<group>"; };
		85C0D2492A06685D009E8F66 /* Assets.xcassets */ = {isa = PBXFileReference; lastKnownFileType = folder.assetcatalog; path = Assets.xcassets; sourceTree = "<group>"; };
		85C0D24C2A06685D009E8F66 /* Preview Assets.xcassets */ = {isa = PBXFileReference; lastKnownFileType = folder.assetcatalog; path = "Preview Assets.xcassets"; sourceTree = "<group>"; };
		BF50AED8DE9BE3A150A5FE34 /* Pods_demoapp.framework */ = {isa = PBXFileReference; explicitFileType = wrapper.framework; includeInIndex = 0; path = Pods_demoapp.framework; sourceTree = BUILT_PRODUCTS_DIR; };
		F9EF6959F67503EA3B5A8360 /* Pods-demoapp.debug.xcconfig */ = {isa = PBXFileReference; includeInIndex = 1; lastKnownFileType = text.xcconfig; name = "Pods-demoapp.debug.xcconfig"; path = "Target Support Files/Pods-demoapp/Pods-demoapp.debug.xcconfig"; sourceTree = "<group>"; };
/* End PBXFileReference section */

/* Begin PBXFrameworksBuildPhase section */
		85C0D23F2A06685B009E8F66 /* Frameworks */ = {
			isa = PBXFrameworksBuildPhase;
			buildActionMask = 2147483647;
			files = (
				E2158FB2CA3F0BED2210E036 /* Pods_demoapp.framework in Frameworks */,
			);
			runOnlyForDeploymentPostprocessing = 0;
		};
/* End PBXFrameworksBuildPhase section */

/* Begin PBXGroup section */
		178A5A0336D2F95122B02C03 /* Pods */ = {
			isa = PBXGroup;
			children = (
				F9EF6959F67503EA3B5A8360 /* Pods-demoapp.debug.xcconfig */,
				5081535658014AD5CA96BA1C /* Pods-demoapp.release.xcconfig */,
			);
			path = Pods;
			sourceTree = "<group>";
		};
		524563E80F594F3A8F9F422C /* Frameworks */ = {
			isa = PBXGroup;
			children = (
				BF50AED8DE9BE3A150A5FE34 /* Pods_demoapp.framework */,
			);
			name = Frameworks;
			sourceTree = "<group>";
		};
		58B14B792A25B03100451325 /* Extensions */ = {
			isa = PBXGroup;
			children = (
				58B14B7A2A25B03100451325 /* CGSizeExtension.swift */,
				58B14B7B2A25B03100451325 /* CVPixelBufferExtension.swift */,
				58B14B7C2A25B03100451325 /* TFLiteExtension.swift */,
			);
			path = Extensions;
			sourceTree = "<group>";
		};
		854C37492A06737C00B2DAEB /* Views */ = {
			isa = PBXGroup;
			children = (
				85C0D2472A06685B009E8F66 /* ContentView.swift */,
				854C374A2A06739C00B2DAEB /* CameraView.swift */,
				854C374C2A0673CB00B2DAEB /* GalleryView.swift */,
			);
			path = Views;
			sourceTree = "<group>";
		};
		85C0D2392A06685B009E8F66 = {
			isa = PBXGroup;
			children = (
				85C0D2442A06685B009E8F66 /* demoapp */,
				85C0D2432A06685B009E8F66 /* Products */,
				178A5A0336D2F95122B02C03 /* Pods */,
				524563E80F594F3A8F9F422C /* Frameworks */,
			);
			sourceTree = "<group>";
		};
		85C0D2432A06685B009E8F66 /* Products */ = {
			isa = PBXGroup;
			children = (
				85C0D2422A06685B009E8F66 /* demoapp.app */,
			);
			name = Products;
			sourceTree = "<group>";
		};
		85C0D2442A06685B009E8F66 /* demoapp */ = {
			isa = PBXGroup;
			children = (
				58B14B792A25B03100451325 /* Extensions */,
				58B14B622A25ABAB00451325 /* Constants.swift */,
				58B14B612A25ABAB00451325 /* demoappApp.swift */,
				58B14B632A25ABAB00451325 /* example.png */,
				58B14B5F2A25ABAB00451325 /* MiDaSHandler.swift */,
				58B14B602A25ABAB00451325 /* model_opt.tflite */,
				851125B82A2247320012966B /* Info.plist */,
				854C37492A06737C00B2DAEB /* Views */,
				85C0D2492A06685D009E8F66 /* Assets.xcassets */,
				85C0D24B2A06685D009E8F66 /* Preview Content */,
			);
			path = demoapp;
			sourceTree = "<group>";
		};
		85C0D24B2A06685D009E8F66 /* Preview Content */ = {
			isa = PBXGroup;
			children = (
				85C0D24C2A06685D009E8F66 /* Preview Assets.xcassets */,
			);
			path = "Preview Content";
			sourceTree = "<group>";
		};
/* End PBXGroup section */

/* Begin PBXNativeTarget section */
		85C0D2412A06685B009E8F66 /* demoapp */ = {
			isa = PBXNativeTarget;
			buildConfigurationList = 85C0D2502A06685D009E8F66 /* Build configuration list for PBXNativeTarget "demoapp" */;
			buildPhases = (
				91797B299C4FFE25F887630D /* [CP] Check Pods Manifest.lock */,
				85C0D23E2A06685B009E8F66 /* Sources */,
				85C0D23F2A06685B009E8F66 /* Frameworks */,
				85C0D2402A06685B009E8F66 /* Resources */,
			);
			buildRules = (
			);
			dependencies = (
			);
			name = demoapp;
			productName = demoapp;
			productReference = 85C0D2422A06685B009E8F66 /* demoapp.app */;
			productType = "com.apple.product-type.application";
		};
/* End PBXNativeTarget section */

/* Begin PBXProject section */
		85C0D23A2A06685B009E8F66 /* Project object */ = {
			isa = PBXProject;
			attributes = {
				BuildIndependentTargetsInParallel = 1;
				LastSwiftUpdateCheck = 1420;
				LastUpgradeCheck = 1420;
				TargetAttributes = {
					85C0D2412A06685B009E8F66 = {
						CreatedOnToolsVersion = 14.2;
					};
				};
			};
			buildConfigurationList = 85C0D23D2A06685B009E8F66 /* Build configuration list for PBXProject "demoapp" */;
			compatibilityVersion = "Xcode 14.0";
			developmentRegion = en;
			hasScannedForEncodings = 0;
			knownRegions = (
				en,
				Base,
			);
			mainGroup = 85C0D2392A06685B009E8F66;
			productRefGroup = 85C0D2432A06685B009E8F66 /* Products */;
			projectDirPath = "";
			projectRoot = "";
			targets = (
				85C0D2412A06685B009E8F66 /* demoapp */,
			);
		};
/* End PBXProject section */

/* Begin PBXResourcesBuildPhase section */
		85C0D2402A06685B009E8F66 /* Resources */ = {
			isa = PBXResourcesBuildPhase;
			buildActionMask = 2147483647;
			files = (
				58B14B692A25ABAB00451325 /* example.png in Resources */,
				58B14B662A25ABAB00451325 /* model_opt.tflite in Resources */,
				85C0D24D2A06685D009E8F66 /* Preview Assets.xcassets in Resources */,
				85C0D24A2A06685D009E8F66 /* Assets.xcassets in Resources */,
			);
			runOnlyForDeploymentPostprocessing = 0;
		};
/* End PBXResourcesBuildPhase section */

/* Begin PBXShellScriptBuildPhase section */
		91797B299C4FFE25F887630D /* [CP] Check Pods Manifest.lock */ = {
			isa = PBXShellScriptBuildPhase;
			buildActionMask = 2147483647;
			files = (
			);
			inputFileListPaths = (
			);
			inputPaths = (
				"${PODS_PODFILE_DIR_PATH}/Podfile.lock",
				"${PODS_ROOT}/Manifest.lock",
			);
			name = "[CP] Check Pods Manifest.lock";
			outputFileListPaths = (
			);
			outputPaths = (
				"$(DERIVED_FILE_DIR)/Pods-demoapp-checkManifestLockResult.txt",
			);
			runOnlyForDeploymentPostprocessing = 0;
			shellPath = /bin/sh;
			shellScript = "diff \"${PODS_PODFILE_DIR_PATH}/Podfile.lock\" \"${PODS_ROOT}/Manifest.lock\" > /dev/null\nif [ $? != 0 ] ; then\n    # print error to STDERR\n    echo \"error: The sandbox is not in sync with the Podfile.lock. Run 'pod install' or update your CocoaPods installation.\" >&2\n    exit 1\nfi\n# This output is used by Xcode 'outputs' to avoid re-running this script phase.\necho \"SUCCESS\" > \"${SCRIPT_OUTPUT_FILE_0}\"\n";
			showEnvVarsInLog = 0;
		};
/* End PBXShellScriptBuildPhase section */

/* Begin PBXSourcesBuildPhase section */
		85C0D23E2A06685B009E8F66 /* Sources */ = {
			isa = PBXSourcesBuildPhase;
			buildActionMask = 2147483647;
			files = (
				854C374B2A06739C00B2DAEB /* CameraView.swift in Sources */,
				58B14B7E2A25B03100451325 /* CVPixelBufferExtension.swift in Sources */,
				85C0D2482A06685B009E8F66 /* ContentView.swift in Sources */,
				58B14B7F2A25B03100451325 /* TFLiteExtension.swift in Sources */,
				58B14B7D2A25B03100451325 /* CGSizeExtension.swift in Sources */,
				58B14B672A25ABAB00451325 /* demoappApp.swift in Sources */,
				58B14B682A25ABAB00451325 /* Constants.swift in Sources */,
				854C374D2A0673CB00B2DAEB /* GalleryView.swift in Sources */,
				58B14B652A25ABAB00451325 /* MiDaSHandler.swift in Sources */,
			);
			runOnlyForDeploymentPostprocessing = 0;
		};
/* End PBXSourcesBuildPhase section */

/* Begin XCBuildConfiguration section */
		85C0D24E2A06685D009E8F66 /* Debug */ = {
			isa = XCBuildConfiguration;
			buildSettings = {
				ALWAYS_SEARCH_USER_PATHS = NO;
				CLANG_ANALYZER_NONNULL = YES;
				CLANG_ANALYZER_NUMBER_OBJECT_CONVERSION = YES_AGGRESSIVE;
				CLANG_CXX_LANGUAGE_STANDARD = "gnu++20";
				CLANG_ENABLE_MODULES = YES;
				CLANG_ENABLE_OBJC_ARC = YES;
				CLANG_ENABLE_OBJC_WEAK = YES;
				CLANG_WARN_BLOCK_CAPTURE_AUTORELEASING = YES;
				CLANG_WARN_BOOL_CONVERSION = YES;
				CLANG_WARN_COMMA = YES;
				CLANG_WARN_CONSTANT_CONVERSION = YES;
				CLANG_WARN_DEPRECATED_OBJC_IMPLEMENTATIONS = YES;
				CLANG_WARN_DIRECT_OBJC_ISA_USAGE = YES_ERROR;
				CLANG_WARN_DOCUMENTATION_COMMENTS = YES;
				CLANG_WARN_EMPTY_BODY = YES;
				CLANG_WARN_ENUM_CONVERSION = YES;
				CLANG_WARN_INFINITE_RECURSION = YES;
				CLANG_WARN_INT_CONVERSION = YES;
				CLANG_WARN_NON_LITERAL_NULL_CONVERSION = YES;
				CLANG_WARN_OBJC_IMPLICIT_RETAIN_SELF = YES;
				CLANG_WARN_OBJC_LITERAL_CONVERSION = YES;
				CLANG_WARN_OBJC_ROOT_CLASS = YES_ERROR;
				CLANG_WARN_QUOTED_INCLUDE_IN_FRAMEWORK_HEADER = YES;
				CLANG_WARN_RANGE_LOOP_ANALYSIS = YES;
				CLANG_WARN_STRICT_PROTOTYPES = YES;
				CLANG_WARN_SUSPICIOUS_MOVE = YES;
				CLANG_WARN_UNGUARDED_AVAILABILITY = YES_AGGRESSIVE;
				CLANG_WARN_UNREACHABLE_CODE = YES;
				CLANG_WARN__DUPLICATE_METHOD_MATCH = YES;
				COPY_PHASE_STRIP = NO;
				DEBUG_INFORMATION_FORMAT = dwarf;
				ENABLE_STRICT_OBJC_MSGSEND = YES;
				ENABLE_TESTABILITY = YES;
				GCC_C_LANGUAGE_STANDARD = gnu11;
				GCC_DYNAMIC_NO_PIC = NO;
				GCC_NO_COMMON_BLOCKS = YES;
				GCC_OPTIMIZATION_LEVEL = 0;
				GCC_PREPROCESSOR_DEFINITIONS = (
					"DEBUG=1",
					"$(inherited)",
				);
				GCC_WARN_64_TO_32_BIT_CONVERSION = YES;
				GCC_WARN_ABOUT_RETURN_TYPE = YES_ERROR;
				GCC_WARN_UNDECLARED_SELECTOR = YES;
				GCC_WARN_UNINITIALIZED_AUTOS = YES_AGGRESSIVE;
				GCC_WARN_UNUSED_FUNCTION = YES;
				GCC_WARN_UNUSED_VARIABLE = YES;
				IPHONEOS_DEPLOYMENT_TARGET = 16.0;
				MTL_ENABLE_DEBUG_INFO = INCLUDE_SOURCE;
				MTL_FAST_MATH = YES;
				ONLY_ACTIVE_ARCH = YES;
				SDKROOT = iphoneos;
				SWIFT_ACTIVE_COMPILATION_CONDITIONS = DEBUG;
				SWIFT_OPTIMIZATION_LEVEL = "-Onone";
			};
			name = Debug;
		};
		85C0D24F2A06685D009E8F66 /* Release */ = {
			isa = XCBuildConfiguration;
			buildSettings = {
				ALWAYS_SEARCH_USER_PATHS = NO;
				CLANG_ANALYZER_NONNULL = YES;
				CLANG_ANALYZER_NUMBER_OBJECT_CONVERSION = YES_AGGRESSIVE;
				CLANG_CXX_LANGUAGE_STANDARD = "gnu++20";
				CLANG_ENABLE_MODULES = YES;
				CLANG_ENABLE_OBJC_ARC = YES;
				CLANG_ENABLE_OBJC_WEAK = YES;
				CLANG_WARN_BLOCK_CAPTURE_AUTORELEASING = YES;
				CLANG_WARN_BOOL_CONVERSION = YES;
				CLANG_WARN_COMMA = YES;
				CLANG_WARN_CONSTANT_CONVERSION = YES;
				CLANG_WARN_DEPRECATED_OBJC_IMPLEMENTATIONS = YES;
				CLANG_WARN_DIRECT_OBJC_ISA_USAGE = YES_ERROR;
				CLANG_WARN_DOCUMENTATION_COMMENTS = YES;
				CLANG_WARN_EMPTY_BODY = YES;
				CLANG_WARN_ENUM_CONVERSION = YES;
				CLANG_WARN_INFINITE_RECURSION = YES;
				CLANG_WARN_INT_CONVERSION = YES;
				CLANG_WARN_NON_LITERAL_NULL_CONVERSION = YES;
				CLANG_WARN_OBJC_IMPLICIT_RETAIN_SELF = YES;
				CLANG_WARN_OBJC_LITERAL_CONVERSION = YES;
				CLANG_WARN_OBJC_ROOT_CLASS = YES_ERROR;
				CLANG_WARN_QUOTED_INCLUDE_IN_FRAMEWORK_HEADER = YES;
				CLANG_WARN_RANGE_LOOP_ANALYSIS = YES;
				CLANG_WARN_STRICT_PROTOTYPES = YES;
				CLANG_WARN_SUSPICIOUS_MOVE = YES;
				CLANG_WARN_UNGUARDED_AVAILABILITY = YES_AGGRESSIVE;
				CLANG_WARN_UNREACHABLE_CODE = YES;
				CLANG_WARN__DUPLICATE_METHOD_MATCH = YES;
				COPY_PHASE_STRIP = NO;
				DEBUG_INFORMATION_FORMAT = "dwarf-with-dsym";
				ENABLE_NS_ASSERTIONS = NO;
				ENABLE_STRICT_OBJC_MSGSEND = YES;
				GCC_C_LANGUAGE_STANDARD = gnu11;
				GCC_NO_COMMON_BLOCKS = YES;
				GCC_WARN_64_TO_32_BIT_CONVERSION = YES;
				GCC_WARN_ABOUT_RETURN_TYPE = YES_ERROR;
				GCC_WARN_UNDECLARED_SELECTOR = YES;
				GCC_WARN_UNINITIALIZED_AUTOS = YES_AGGRESSIVE;
				GCC_WARN_UNUSED_FUNCTION = YES;
				GCC_WARN_UNUSED_VARIABLE = YES;
				IPHONEOS_DEPLOYMENT_TARGET = 16.0;
				MTL_ENABLE_DEBUG_INFO = NO;
				MTL_FAST_MATH = YES;
				SDKROOT = iphoneos;
				SWIFT_COMPILATION_MODE = wholemodule;
				SWIFT_OPTIMIZATION_LEVEL = "-O";
				VALIDATE_PRODUCT = YES;
			};
			name = Release;
		};
		85C0D2512A06685D009E8F66 /* Debug */ = {
			isa = XCBuildConfiguration;
			baseConfigurationReference = F9EF6959F67503EA3B5A8360 /* Pods-demoapp.debug.xcconfig */;
			buildSettings = {
				ASSETCATALOG_COMPILER_APPICON_NAME = AppIcon;
				ASSETCATALOG_COMPILER_GLOBAL_ACCENT_COLOR_NAME = AccentColor;
				ASSETCATALOG_COMPILER_INCLUDE_ALL_APPICON_ASSETS = NO;
				CODE_SIGN_STYLE = Automatic;
				CURRENT_PROJECT_VERSION = 1;
				DEVELOPMENT_ASSET_PATHS = "\"demoapp/Preview Content\"";
				DEVELOPMENT_TEAM = XWGB5T6G32;
				ENABLE_PREVIEWS = YES;
				GENERATE_INFOPLIST_FILE = YES;
				INFOPLIST_FILE = demoapp/Info.plist;
				INFOPLIST_KEY_CFBundleDisplayName = HapD;
				INFOPLIST_KEY_NSCameraUsageDescription = "This app requires your devices' camera for storing the picture as monocular depth picture you want to display on the app";
				INFOPLIST_KEY_NSPhotoLibraryUsageDescription = "This app requires access to your device's photo library for fetching monocular depth picture you want to display on the app";
				INFOPLIST_KEY_UIApplicationSceneManifest_Generation = YES;
				INFOPLIST_KEY_UIApplicationSupportsIndirectInputEvents = YES;
				INFOPLIST_KEY_UILaunchScreen_Generation = YES;
				INFOPLIST_KEY_UIStatusBarStyle = UIStatusBarStyleDefault;
				INFOPLIST_KEY_UISupportedInterfaceOrientations = "UIInterfaceOrientationLandscapeLeft UIInterfaceOrientationLandscapeRight UIInterfaceOrientationPortrait";
				INFOPLIST_KEY_UISupportedInterfaceOrientations_iPad = "UIInterfaceOrientationLandscapeLeft UIInterfaceOrientationLandscapeRight UIInterfaceOrientationPortrait UIInterfaceOrientationPortraitUpsideDown";
				IPHONEOS_DEPLOYMENT_TARGET = 16.0;
				LD_RUNPATH_SEARCH_PATHS = (
					"$(inherited)",
					"@executable_path/Frameworks",
				);
				MARKETING_VERSION = 1.1;
				PRODUCT_BUNDLE_IDENTIFIER = com.2d3d.demoapp;
				PRODUCT_NAME = "$(TARGET_NAME)";
				SUPPORTED_PLATFORMS = "iphoneos iphonesimulator";
				SUPPORTS_MACCATALYST = NO;
				SUPPORTS_MAC_DESIGNED_FOR_IPHONE_IPAD = YES;
				SWIFT_EMIT_LOC_STRINGS = YES;
				SWIFT_VERSION = 5.0;
				TARGETED_DEVICE_FAMILY = 1;
			};
			name = Debug;
		};
		85C0D2522A06685D009E8F66 /* Release */ = {
			isa = XCBuildConfiguration;
			baseConfigurationReference = 5081535658014AD5CA96BA1C /* Pods-demoapp.release.xcconfig */;
			buildSettings = {
				ASSETCATALOG_COMPILER_APPICON_NAME = AppIcon;
				"ASSETCATALOG_COMPILER_APPICON_NAME[sdk=iphoneos*]" = AppIcon;
				ASSETCATALOG_COMPILER_GLOBAL_ACCENT_COLOR_NAME = AccentColor;
				ASSETCATALOG_COMPILER_INCLUDE_ALL_APPICON_ASSETS = NO;
				CODE_SIGN_STYLE = Automatic;
				CURRENT_PROJECT_VERSION = 1;
				DEVELOPMENT_ASSET_PATHS = "\"demoapp/Preview Content\"";
				DEVELOPMENT_TEAM = XWGB5T6G32;
				ENABLE_PREVIEWS = YES;
				GENERATE_INFOPLIST_FILE = YES;
				INFOPLIST_FILE = demoapp/Info.plist;
				INFOPLIST_KEY_CFBundleDisplayName = HapD;
				INFOPLIST_KEY_NSCameraUsageDescription = "This app requires your devices' camera for storing the picture as monocular depth picture you want to display on the app";
				INFOPLIST_KEY_NSPhotoLibraryUsageDescription = "This app requires access to your device's photo library for fetching monocular depth picture you want to display on the app";
				INFOPLIST_KEY_UIApplicationSceneManifest_Generation = YES;
				INFOPLIST_KEY_UIApplicationSupportsIndirectInputEvents = YES;
				INFOPLIST_KEY_UILaunchScreen_Generation = YES;
				INFOPLIST_KEY_UIStatusBarStyle = UIStatusBarStyleDefault;
				INFOPLIST_KEY_UISupportedInterfaceOrientations = "UIInterfaceOrientationLandscapeLeft UIInterfaceOrientationLandscapeRight UIInterfaceOrientationPortrait";
				INFOPLIST_KEY_UISupportedInterfaceOrientations_iPad = "UIInterfaceOrientationLandscapeLeft UIInterfaceOrientationLandscapeRight UIInterfaceOrientationPortrait UIInterfaceOrientationPortraitUpsideDown";
				IPHONEOS_DEPLOYMENT_TARGET = 16.0;
				LD_RUNPATH_SEARCH_PATHS = (
					"$(inherited)",
					"@executable_path/Frameworks",
				);
				MARKETING_VERSION = 1.1;
				PRODUCT_BUNDLE_IDENTIFIER = com.2d3d.demoapp;
				PRODUCT_NAME = "$(TARGET_NAME)";
				SUPPORTED_PLATFORMS = "iphoneos iphonesimulator";
				SUPPORTS_MACCATALYST = NO;
				SUPPORTS_MAC_DESIGNED_FOR_IPHONE_IPAD = YES;
				SWIFT_EMIT_LOC_STRINGS = YES;
				SWIFT_VERSION = 5.0;
				TARGETED_DEVICE_FAMILY = 1;
			};
			name = Release;
		};
/* End XCBuildConfiguration section */

/* Begin XCConfigurationList section */
		85C0D23D2A06685B009E8F66 /* Build configuration list for PBXProject "demoapp" */ = {
			isa = XCConfigurationList;
			buildConfigurations = (
				85C0D24E2A06685D009E8F66 /* Debug */,
				85C0D24F2A06685D009E8F66 /* Release */,
			);
			defaultConfigurationIsVisible = 0;
			defaultConfigurationName = Release;
		};
		85C0D2502A06685D009E8F66 /* Build configuration list for PBXNativeTarget "demoapp" */ = {
			isa = XCConfigurationList;
			buildConfigurations = (
				85C0D2512A06685D009E8F66 /* Debug */,
				85C0D2522A06685D009E8F66 /* Release */,
			);
			defaultConfigurationIsVisible = 0;
			defaultConfigurationName = Release;
		};
/* End XCConfigurationList section */
	};
	rootObject = 85C0D23A2A06685B009E8F66 /* Project object */;
}
